// !$*UTF8*$!
{
	archiveVersion = 1;
	classes = {
	};
	objectVersion = 55;
	objects = {

/* Begin PBXBuildFile section */
		64D7361927FE5BBF00A15D27 /* MovieStreamingUIApp.swift in Sources */ = {isa = PBXBuildFile; fileRef = 64D7361827FE5BBF00A15D27 /* MovieStreamingUIApp.swift */; };
		64D7361B27FE5BBF00A15D27 /* ContentView.swift in Sources */ = {isa = PBXBuildFile; fileRef = 64D7361A27FE5BBF00A15D27 /* ContentView.swift */; };
		64D7361D27FE5BC000A15D27 /* Assets.xcassets in Resources */ = {isa = PBXBuildFile; fileRef = 64D7361C27FE5BC000A15D27 /* Assets.xcassets */; };
		64D7362027FE5BC000A15D27 /* Preview Assets.xcassets in Resources */ = {isa = PBXBuildFile; fileRef = 64D7361F27FE5BC000A15D27 /* Preview Assets.xcassets */; };
		64D7364927FEADAC00A15D27 /* Movie.swift in Sources */ = {isa = PBXBuildFile; fileRef = 64D7364827FEADAC00A15D27 /* Movie.swift */; };
		64D7364B27FEAE2900A15D27 /* SnapCarousel.swift in Sources */ = {isa = PBXBuildFile; fileRef = 64D7364A27FEAE2900A15D27 /* SnapCarousel.swift */; };
		64D7364D27FEAE3500A15D27 /* OffsetModifier.swift in Sources */ = {isa = PBXBuildFile; fileRef = 64D7364C27FEAE3500A15D27 /* OffsetModifier.swift */; };
		64D7364F27FEAE4400A15D27 /* Home.swift in Sources */ = {isa = PBXBuildFile; fileRef = 64D7364E27FEAE4400A15D27 /* Home.swift */; };
		64D7365127FEAE4F00A15D27 /* DetailView.swift in Sources */ = {isa = PBXBuildFile; fileRef = 64D7365027FEAE4F00A15D27 /* DetailView.swift */; };
/* End PBXBuildFile section */

/* Begin PBXContainerItemProxy section */
		64D7362627FE5BC000A15D27 /* PBXContainerItemProxy */ = {
			isa = PBXContainerItemProxy;
			containerPortal = 64D7360D27FE5BBF00A15D27 /* Project object */;
			proxyType = 1;
			remoteGlobalIDString = 64D7361427FE5BBF00A15D27;
			remoteInfo = MovieStreamingUI;
		};
		64D7363027FE5BC000A15D27 /* PBXContainerItemProxy */ = {
			isa = PBXContainerItemProxy;
			containerPortal = 64D7360D27FE5BBF00A15D27 /* Project object */;
			proxyType = 1;
			remoteGlobalIDString = 64D7361427FE5BBF00A15D27;
			remoteInfo = MovieStreamingUI;
		};
/* End PBXContainerItemProxy section */

/* Begin PBXFileReference section */
		64D7361527FE5BBF00A15D27 /* MovieStreamingUI.app */ = {isa = PBXFileReference; explicitFileType = wrapper.application; includeInIndex = 0; path = MovieStreamingUI.app; sourceTree = BUILT_PRODUCTS_DIR; };
		64D7361827FE5BBF00A15D27 /* MovieStreamingUIApp.swift */ = {isa = PBXFileReference; lastKnownFileType = sourcecode.swift; path = MovieStreamingUIApp.swift; sourceTree = "<group>"; };
		64D7361A27FE5BBF00A15D27 /* ContentView.swift */ = {isa = PBXFileReference; lastKnownFileType = sourcecode.swift; path = ContentView.swift; sourceTree = "<group>"; };
		64D7361C27FE5BC000A15D27 /* Assets.xcassets */ = {isa = PBXFileReference; lastKnownFileType = folder.assetcatalog; path = Assets.xcassets; sourceTree = "<group>"; };
		64D7361F27FE5BC000A15D27 /* Preview Assets.xcassets */ = {isa = PBXFileReference; lastKnownFileType = folder.assetcatalog; path = "Preview Assets.xcassets"; sourceTree = "<group>"; };
		64D7362527FE5BC000A15D27 /* MovieStreamingUITests.xctest */ = {isa = PBXFileReference; explicitFileType = wrapper.cfbundle; includeInIndex = 0; path = MovieStreamingUITests.xctest; sourceTree = BUILT_PRODUCTS_DIR; };
		64D7362F27FE5BC000A15D27 /* MovieStreamingUIUITests.xctest */ = {isa = PBXFileReference; explicitFileType = wrapper.cfbundle; includeInIndex = 0; path = MovieStreamingUIUITests.xctest; sourceTree = BUILT_PRODUCTS_DIR; };
		64D7364827FEADAC00A15D27 /* Movie.swift */ = {isa = PBXFileReference; lastKnownFileType = sourcecode.swift; path = Movie.swift; sourceTree = "<group>"; };
		64D7364A27FEAE2900A15D27 /* SnapCarousel.swift */ = {isa = PBXFileReference; lastKnownFileType = sourcecode.swift; path = SnapCarousel.swift; sourceTree = "<group>"; };
		64D7364C27FEAE3500A15D27 /* OffsetModifier.swift */ = {isa = PBXFileReference; lastKnownFileType = sourcecode.swift; path = OffsetModifier.swift; sourceTree = "<group>"; };
		64D7364E27FEAE4400A15D27 /* Home.swift */ = {isa = PBXFileReference; lastKnownFileType = sourcecode.swift; path = Home.swift; sourceTree = "<group>"; };
		64D7365027FEAE4F00A15D27 /* DetailView.swift */ = {isa = PBXFileReference; lastKnownFileType = sourcecode.swift; path = DetailView.swift; sourceTree = "<group>"; };
/* End PBXFileReference section */

/* Begin PBXFrameworksBuildPhase section */
		64D7361227FE5BBF00A15D27 /* Frameworks */ = {
			isa = PBXFrameworksBuildPhase;
			buildActionMask = 2147483647;
			files = (
			);
			runOnlyForDeploymentPostprocessing = 0;
		};
		64D7362227FE5BC000A15D27 /* Frameworks */ = {
			isa = PBXFrameworksBuildPhase;
			buildActionMask = 2147483647;
			files = (
			);
			runOnlyForDeploymentPostprocessing = 0;
		};
		64D7362C27FE5BC000A15D27 /* Frameworks */ = {
			isa = PBXFrameworksBuildPhase;
			buildActionMask = 2147483647;
			files = (
			);
			runOnlyForDeploymentPostprocessing = 0;
		};
/* End PBXFrameworksBuildPhase section */

/* Begin PBXGroup section */
		64D7360C27FE5BBF00A15D27 = {
			isa = PBXGroup;
			children = (
				64D7361727FE5BBF00A15D27 /* MovieStreamingUI */,
				64D7361627FE5BBF00A15D27 /* Products */,
			);
			sourceTree = "<group>";
		};
		64D7361627FE5BBF00A15D27 /* Products */ = {
			isa = PBXGroup;
			children = (
				64D7361527FE5BBF00A15D27 /* MovieStreamingUI.app */,
				64D7362527FE5BC000A15D27 /* MovieStreamingUITests.xctest */,
				64D7362F27FE5BC000A15D27 /* MovieStreamingUIUITests.xctest */,
			);
			name = Products;
			sourceTree = "<group>";
		};
		64D7361727FE5BBF00A15D27 /* MovieStreamingUI */ = {
			isa = PBXGroup;
			children = (
				64D7364727FEAD9500A15D27 /* View */,
				64D7364627FEAD8A00A15D27 /* Model */,
				64D7361827FE5BBF00A15D27 /* MovieStreamingUIApp.swift */,
				64D7361A27FE5BBF00A15D27 /* ContentView.swift */,
				64D7361C27FE5BC000A15D27 /* Assets.xcassets */,
				64D7361E27FE5BC000A15D27 /* Preview Content */,
			);
			path = MovieStreamingUI;
			sourceTree = "<group>";
		};
		64D7361E27FE5BC000A15D27 /* Preview Content */ = {
			isa = PBXGroup;
			children = (
				64D7361F27FE5BC000A15D27 /* Preview Assets.xcassets */,
			);
			path = "Preview Content";
			sourceTree = "<group>";
		};
		64D7364627FEAD8A00A15D27 /* Model */ = {
			isa = PBXGroup;
			children = (
				64D7364827FEADAC00A15D27 /* Movie.swift */,
			);
			path = Model;
			sourceTree = "<group>";
		};
		64D7364727FEAD9500A15D27 /* View */ = {
			isa = PBXGroup;
			children = (
				64D7364A27FEAE2900A15D27 /* SnapCarousel.swift */,
				64D7364C27FEAE3500A15D27 /* OffsetModifier.swift */,
				64D7364E27FEAE4400A15D27 /* Home.swift */,
				64D7365027FEAE4F00A15D27 /* DetailView.swift */,
			);
			path = View;
			sourceTree = "<group>";
		};
/* End PBXGroup section */

/* Begin PBXNativeTarget section */
		64D7361427FE5BBF00A15D27 /* MovieStreamingUI */ = {
			isa = PBXNativeTarget;
			buildConfigurationList = 64D7363927FE5BC000A15D27 /* Build configuration list for PBXNativeTarget "MovieStreamingUI" */;
			buildPhases = (
				64D7361127FE5BBF00A15D27 /* Sources */,
				64D7361227FE5BBF00A15D27 /* Frameworks */,
				64D7361327FE5BBF00A15D27 /* Resources */,
			);
			buildRules = (
			);
			dependencies = (
			);
			name = MovieStreamingUI;
			productName = MovieStreamingUI;
			productReference = 64D7361527FE5BBF00A15D27 /* MovieStreamingUI.app */;
			productType = "com.apple.product-type.application";
		};
		64D7362427FE5BC000A15D27 /* MovieStreamingUITests */ = {
			isa = PBXNativeTarget;
			buildConfigurationList = 64D7363C27FE5BC000A15D27 /* Build configuration list for PBXNativeTarget "MovieStreamingUITests" */;
			buildPhases = (
				64D7362127FE5BC000A15D27 /* Sources */,
				64D7362227FE5BC000A15D27 /* Frameworks */,
				64D7362327FE5BC000A15D27 /* Resources */,
			);
			buildRules = (
			);
			dependencies = (
				64D7362727FE5BC000A15D27 /* PBXTargetDependency */,
			);
			name = MovieStreamingUITests;
			productName = MovieStreamingUITests;
			productReference = 64D7362527FE5BC000A15D27 /* MovieStreamingUITests.xctest */;
			productType = "com.apple.product-type.bundle.unit-test";
		};
		64D7362E27FE5BC000A15D27 /* MovieStreamingUIUITests */ = {
			isa = PBXNativeTarget;
			buildConfigurationList = 64D7363F27FE5BC000A15D27 /* Build configuration list for PBXNativeTarget "MovieStreamingUIUITests" */;
			buildPhases = (
				64D7362B27FE5BC000A15D27 /* Sources */,
				64D7362C27FE5BC000A15D27 /* Frameworks */,
				64D7362D27FE5BC000A15D27 /* Resources */,
			);
			buildRules = (
			);
			dependencies = (
				64D7363127FE5BC000A15D27 /* PBXTargetDependency */,
			);
			name = MovieStreamingUIUITests;
			productName = MovieStreamingUIUITests;
			productReference = 64D7362F27FE5BC000A15D27 /* MovieStreamingUIUITests.xctest */;
			productType = "com.apple.product-type.bundle.ui-testing";
		};
/* End PBXNativeTarget section */

/* Begin PBXProject section */
		64D7360D27FE5BBF00A15D27 /* Project object */ = {
			isa = PBXProject;
			attributes = {
				BuildIndependentTargetsInParallel = 1;
				LastSwiftUpdateCheck = 1330;
				LastUpgradeCheck = 1330;
				TargetAttributes = {
					64D7361427FE5BBF00A15D27 = {
						CreatedOnToolsVersion = 13.3;
					};
					64D7362427FE5BC000A15D27 = {
						CreatedOnToolsVersion = 13.3;
						TestTargetID = 64D7361427FE5BBF00A15D27;
					};
					64D7362E27FE5BC000A15D27 = {
						CreatedOnToolsVersion = 13.3;
						TestTargetID = 64D7361427FE5BBF00A15D27;
					};
				};
			};
			buildConfigurationList = 64D7361027FE5BBF00A15D27 /* Build configuration list for PBXProject "MovieStreamingUI" */;
			compatibilityVersion = "Xcode 13.0";
			developmentRegion = en;
			hasScannedForEncodings = 0;
			knownRegions = (
				en,
				Base,
			);
			mainGroup = 64D7360C27FE5BBF00A15D27;
			productRefGroup = 64D7361627FE5BBF00A15D27 /* Products */;
			projectDirPath = "";
			projectRoot = "";
			targets = (
				64D7361427FE5BBF00A15D27 /* MovieStreamingUI */,
				64D7362427FE5BC000A15D27 /* MovieStreamingUITests */,
				64D7362E27FE5BC000A15D27 /* MovieStreamingUIUITests */,
			);
		};
/* End PBXProject section */

/* Begin PBXResourcesBuildPhase section */
		64D7361327FE5BBF00A15D27 /* Resources */ = {
			isa = PBXResourcesBuildPhase;
			buildActionMask = 2147483647;
			files = (
				64D7362027FE5BC000A15D27 /* Preview Assets.xcassets in Resources */,
				64D7361D27FE5BC000A15D27 /* Assets.xcassets in Resources */,
			);
			runOnlyForDeploymentPostprocessing = 0;
		};
		64D7362327FE5BC000A15D27 /* Resources */ = {
			isa = PBXResourcesBuildPhase;
			buildActionMask = 2147483647;
			files = (
			);
			runOnlyForDeploymentPostprocessing = 0;
		};
		64D7362D27FE5BC000A15D27 /* Resources */ = {
			isa = PBXResourcesBuildPhase;
			buildActionMask = 2147483647;
			files = (
			);
			runOnlyForDeploymentPostprocessing = 0;
		};
/* End PBXResourcesBuildPhase section */

/* Begin PBXSourcesBuildPhase section */
		64D7361127FE5BBF00A15D27 /* Sources */ = {
			isa = PBXSourcesBuildPhase;
			buildActionMask = 2147483647;
			files = (
				64D7361B27FE5BBF00A15D27 /* ContentView.swift in Sources */,
				64D7364B27FEAE2900A15D27 /* SnapCarousel.swift in Sources */,
				64D7364D27FEAE3500A15D27 /* OffsetModifier.swift in Sources */,
				64D7365127FEAE4F00A15D27 /* DetailView.swift in Sources */,
				64D7361927FE5BBF00A15D27 /* MovieStreamingUIApp.swift in Sources */,
				64D7364F27FEAE4400A15D27 /* Home.swift in Sources */,
				64D7364927FEADAC00A15D27 /* Movie.swift in Sources */,
			);
			runOnlyForDeploymentPostprocessing = 0;
		};
		64D7362127FE5BC000A15D27 /* Sources */ = {
			isa = PBXSourcesBuildPhase;
			buildActionMask = 2147483647;
			files = (
			);
			runOnlyForDeploymentPostprocessing = 0;
		};
		64D7362B27FE5BC000A15D27 /* Sources */ = {
			isa = PBXSourcesBuildPhase;
			buildActionMask = 2147483647;
			files = (
			);
			runOnlyForDeploymentPostprocessing = 0;
		};
/* End PBXSourcesBuildPhase section */

/* Begin PBXTargetDependency section */
		64D7362727FE5BC000A15D27 /* PBXTargetDependency */ = {
			isa = PBXTargetDependency;
			target = 64D7361427FE5BBF00A15D27 /* MovieStreamingUI */;
			targetProxy = 64D7362627FE5BC000A15D27 /* PBXContainerItemProxy */;
		};
		64D7363127FE5BC000A15D27 /* PBXTargetDependency */ = {
			isa = PBXTargetDependency;
			target = 64D7361427FE5BBF00A15D27 /* MovieStreamingUI */;
			targetProxy = 64D7363027FE5BC000A15D27 /* PBXContainerItemProxy */;
		};
/* End PBXTargetDependency section */

/* Begin XCBuildConfiguration section */
		64D7363727FE5BC000A15D27 /* Debug */ = {
			isa = XCBuildConfiguration;
			buildSettings = {
				ALWAYS_SEARCH_USER_PATHS = NO;
				CLANG_ANALYZER_NONNULL = YES;
				CLANG_ANALYZER_NUMBER_OBJECT_CONVERSION = YES_AGGRESSIVE;
				CLANG_CXX_LANGUAGE_STANDARD = "gnu++17";
				CLANG_ENABLE_MODULES = YES;
				CLANG_ENABLE_OBJC_ARC = YES;
				CLANG_ENABLE_OBJC_WEAK = YES;
				CLANG_WARN_BLOCK_CAPTURE_AUTORELEASING = YES;
				CLANG_WARN_BOOL_CONVERSION = YES;
				CLANG_WARN_COMMA = YES;
				CLANG_WARN_CONSTANT_CONVERSION = YES;
				CLANG_WARN_DEPRECATED_OBJC_IMPLEMENTATIONS = YES;
				CLANG_WARN_DIRECT_OBJC_ISA_USAGE = YES_ERROR;
				CLANG_WARN_DOCUMENTATION_COMMENTS = YES;
				CLANG_WARN_EMPTY_BODY = YES;
				CLANG_WARN_ENUM_CONVERSION = YES;
				CLANG_WARN_INFINITE_RECURSION = YES;
				CLANG_WARN_INT_CONVERSION = YES;
				CLANG_WARN_NON_LITERAL_NULL_CONVERSION = YES;
				CLANG_WARN_OBJC_IMPLICIT_RETAIN_SELF = YES;
				CLANG_WARN_OBJC_LITERAL_CONVERSION = YES;
				CLANG_WARN_OBJC_ROOT_CLASS = YES_ERROR;
				CLANG_WARN_QUOTED_INCLUDE_IN_FRAMEWORK_HEADER = YES;
				CLANG_WARN_RANGE_LOOP_ANALYSIS = YES;
				CLANG_WARN_STRICT_PROTOTYPES = YES;
				CLANG_WARN_SUSPICIOUS_MOVE = YES;
				CLANG_WARN_UNGUARDED_AVAILABILITY = YES_AGGRESSIVE;
				CLANG_WARN_UNREACHABLE_CODE = YES;
				CLANG_WARN__DUPLICATE_METHOD_MATCH = YES;
				COPY_PHASE_STRIP = NO;
				DEBUG_INFORMATION_FORMAT = dwarf;
				ENABLE_STRICT_OBJC_MSGSEND = YES;
				ENABLE_TESTABILITY = YES;
				GCC_C_LANGUAGE_STANDARD = gnu11;
				GCC_DYNAMIC_NO_PIC = NO;
				GCC_NO_COMMON_BLOCKS = YES;
				GCC_OPTIMIZATION_LEVEL = 0;
				GCC_PREPROCESSOR_DEFINITIONS = (
					"DEBUG=1",
					"$(inherited)",
				);
				GCC_WARN_64_TO_32_BIT_CONVERSION = YES;
				GCC_WARN_ABOUT_RETURN_TYPE = YES_ERROR;
				GCC_WARN_UNDECLARED_SELECTOR = YES;
				GCC_WARN_UNINITIALIZED_AUTOS = YES_AGGRESSIVE;
				GCC_WARN_UNUSED_FUNCTION = YES;
				GCC_WARN_UNUSED_VARIABLE = YES;
				IPHONEOS_DEPLOYMENT_TARGET = 15.4;
				MTL_ENABLE_DEBUG_INFO = INCLUDE_SOURCE;
				MTL_FAST_MATH = YES;
				ONLY_ACTIVE_ARCH = YES;
				SDKROOT = iphoneos;
				SWIFT_ACTIVE_COMPILATION_CONDITIONS = DEBUG;
				SWIFT_OPTIMIZATION_LEVEL = "-Onone";
			};
			name = Debug;
		};
		64D7363827FE5BC000A15D27 /* Release */ = {
			isa = XCBuildConfiguration;
			buildSettings = {
				ALWAYS_SEARCH_USER_PATHS = NO;
				CLANG_ANALYZER_NONNULL = YES;
				CLANG_ANALYZER_NUMBER_OBJECT_CONVERSION = YES_AGGRESSIVE;
				CLANG_CXX_LANGUAGE_STANDARD = "gnu++17";
				CLANG_ENABLE_MODULES = YES;
				CLANG_ENABLE_OBJC_ARC = YES;
				CLANG_ENABLE_OBJC_WEAK = YES;
				CLANG_WARN_BLOCK_CAPTURE_AUTORELEASING = YES;
				CLANG_WARN_BOOL_CONVERSION = YES;
				CLANG_WARN_COMMA = YES;
				CLANG_WARN_CONSTANT_CONVERSION = YES;
				CLANG_WARN_DEPRECATED_OBJC_IMPLEMENTATIONS = YES;
				CLANG_WARN_DIRECT_OBJC_ISA_USAGE = YES_ERROR;
				CLANG_WARN_DOCUMENTATION_COMMENTS = YES;
				CLANG_WARN_EMPTY_BODY = YES;
				CLANG_WARN_ENUM_CONVERSION = YES;
				CLANG_WARN_INFINITE_RECURSION = YES;
				CLANG_WARN_INT_CONVERSION = YES;
				CLANG_WARN_NON_LITERAL_NULL_CONVERSION = YES;
				CLANG_WARN_OBJC_IMPLICIT_RETAIN_SELF = YES;
				CLANG_WARN_OBJC_LITERAL_CONVERSION = YES;
				CLANG_WARN_OBJC_ROOT_CLASS = YES_ERROR;
				CLANG_WARN_QUOTED_INCLUDE_IN_FRAMEWORK_HEADER = YES;
				CLANG_WARN_RANGE_LOOP_ANALYSIS = YES;
				CLANG_WARN_STRICT_PROTOTYPES = YES;
				CLANG_WARN_SUSPICIOUS_MOVE = YES;
				CLANG_WARN_UNGUARDED_AVAILABILITY = YES_AGGRESSIVE;
				CLANG_WARN_UNREACHABLE_CODE = YES;
				CLANG_WARN__DUPLICATE_METHOD_MATCH = YES;
				COPY_PHASE_STRIP = NO;
				DEBUG_INFORMATION_FORMAT = "dwarf-with-dsym";
				ENABLE_NS_ASSERTIONS = NO;
				ENABLE_STRICT_OBJC_MSGSEND = YES;
				GCC_C_LANGUAGE_STANDARD = gnu11;
				GCC_NO_COMMON_BLOCKS = YES;
				GCC_WARN_64_TO_32_BIT_CONVERSION = YES;
				GCC_WARN_ABOUT_RETURN_TYPE = YES_ERROR;
				GCC_WARN_UNDECLARED_SELECTOR = YES;
				GCC_WARN_UNINITIALIZED_AUTOS = YES_AGGRESSIVE;
				GCC_WARN_UNUSED_FUNCTION = YES;
				GCC_WARN_UNUSED_VARIABLE = YES;
				IPHONEOS_DEPLOYMENT_TARGET = 15.4;
				MTL_ENABLE_DEBUG_INFO = NO;
				MTL_FAST_MATH = YES;
				SDKROOT = iphoneos;
				SWIFT_COMPILATION_MODE = wholemodule;
				SWIFT_OPTIMIZATION_LEVEL = "-O";
				VALIDATE_PRODUCT = YES;
			};
			name = Release;
		};
		64D7363A27FE5BC000A15D27 /* Debug */ = {
			isa = XCBuildConfiguration;
			buildSettings = {
				ASSETCATALOG_COMPILER_APPICON_NAME = AppIcon;
				ASSETCATALOG_COMPILER_GLOBAL_ACCENT_COLOR_NAME = AccentColor;
				CODE_SIGN_STYLE = Automatic;
				CURRENT_PROJECT_VERSION = 1;
				DEVELOPMENT_ASSET_PATHS = "\"MovieStreamingUI/Preview Content\"";
				DEVELOPMENT_TEAM = 2XUFV8QBCV;
				ENABLE_PREVIEWS = YES;
				GENERATE_INFOPLIST_FILE = YES;
				INFOPLIST_KEY_UIApplicationSceneManifest_Generation = YES;
				INFOPLIST_KEY_UIApplicationSupportsIndirectInputEvents = YES;
				INFOPLIST_KEY_UILaunchScreen_Generation = YES;
				INFOPLIST_KEY_UISupportedInterfaceOrientations_iPad = "UIInterfaceOrientationPortrait UIInterfaceOrientationPortraitUpsideDown UIInterfaceOrientationLandscapeLeft UIInterfaceOrientationLandscapeRight";
				INFOPLIST_KEY_UISupportedInterfaceOrientations_iPhone = "UIInterfaceOrientationPortrait UIInterfaceOrientationLandscapeLeft UIInterfaceOrientationLandscapeRight";
				LD_RUNPATH_SEARCH_PATHS = (
					"$(inherited)",
					"@executable_path/Frameworks",
				);
				MARKETING_VERSION = 1.0;
				PRODUCT_BUNDLE_IDENTIFIER = getnerdify.MovieStreamingUI;
				PRODUCT_NAME = "$(TARGET_NAME)";
				SWIFT_EMIT_LOC_STRINGS = YES;
				SWIFT_VERSION = 5.0;
				TARGETED_DEVICE_FAMILY = "1,2";
			};
			name = Debug;
		};
		64D7363B27FE5BC000A15D27 /* Release */ = {
			isa = XCBuildConfiguration;
			buildSettings = {
				ASSETCATALOG_COMPILER_APPICON_NAME = AppIcon;
				ASSETCATALOG_COMPILER_GLOBAL_ACCENT_COLOR_NAME = AccentColor;
				CODE_SIGN_STYLE = Automatic;
				CURRENT_PROJECT_VERSION = 1;
				DEVELOPMENT_ASSET_PATHS = "\"MovieStreamingUI/Preview Content\"";
				DEVELOPMENT_TEAM = 2XUFV8QBCV;
				ENABLE_PREVIEWS = YES;
				GENERATE_INFOPLIST_FILE = YES;
				INFOPLIST_KEY_UIApplicationSceneManifest_Generation = YES;
				INFOPLIST_KEY_UIApplicationSupportsIndirectInputEvents = YES;
				INFOPLIST_KEY_UILaunchScreen_Generation = YES;
				INFOPLIST_KEY_UISupportedInterfaceOrientations_iPad = "UIInterfaceOrientationPortrait UIInterfaceOrientationPortraitUpsideDown UIInterfaceOrientationLandscapeLeft UIInterfaceOrientationLandscapeRight";
				INFOPLIST_KEY_UISupportedInterfaceOrientations_iPhone = "UIInterfaceOrientationPortrait UIInterfaceOrientationLandscapeLeft UIInterfaceOrientationLandscapeRight";
				LD_RUNPATH_SEARCH_PATHS = (
					"$(inherited)",
					"@executable_path/Frameworks",
				);
				MARKETING_VERSION = 1.0;
				PRODUCT_BUNDLE_IDENTIFIER = getnerdify.MovieStreamingUI;
				PRODUCT_NAME = "$(TARGET_NAME)";
				SWIFT_EMIT_LOC_STRINGS = YES;
				SWIFT_VERSION = 5.0;
				TARGETED_DEVICE_FAMILY = "1,2";
			};
			name = Release;
		};
		64D7363D27FE5BC000A15D27 /* Debug */ = {
			isa = XCBuildConfiguration;
			buildSettings = {
				ALWAYS_EMBED_SWIFT_STANDARD_LIBRARIES = YES;
				BUNDLE_LOADER = "$(TEST_HOST)";
				CODE_SIGN_STYLE = Automatic;
				CURRENT_PROJECT_VERSION = 1;
				DEVELOPMENT_TEAM = 2XUFV8QBCV;
				GENERATE_INFOPLIST_FILE = YES;
				IPHONEOS_DEPLOYMENT_TARGET = 15.4;
				MARKETING_VERSION = 1.0;
				PRODUCT_BUNDLE_IDENTIFIER = getnerdify.MovieStreamingUITests;
				PRODUCT_NAME = "$(TARGET_NAME)";
				SWIFT_EMIT_LOC_STRINGS = NO;
				SWIFT_VERSION = 5.0;
				TARGETED_DEVICE_FAMILY = "1,2";
				TEST_HOST = "$(BUILT_PRODUCTS_DIR)/MovieStreamingUI.app/MovieStreamingUI";
			};
			name = Debug;
		};
		64D7363E27FE5BC000A15D27 /* Release */ = {
			isa = XCBuildConfiguration;
			buildSettings = {
				ALWAYS_EMBED_SWIFT_STANDARD_LIBRARIES = YES;
				BUNDLE_LOADER = "$(TEST_HOST)";
				CODE_SIGN_STYLE = Automatic;
				CURRENT_PROJECT_VERSION = 1;
				DEVELOPMENT_TEAM = 2XUFV8QBCV;
				GENERATE_INFOPLIST_FILE = YES;
				IPHONEOS_DEPLOYMENT_TARGET = 15.4;
				MARKETING_VERSION = 1.0;
				PRODUCT_BUNDLE_IDENTIFIER = getnerdify.MovieStreamingUITests;
				PRODUCT_NAME = "$(TARGET_NAME)";
				SWIFT_EMIT_LOC_STRINGS = NO;
				SWIFT_VERSION = 5.0;
				TARGETED_DEVICE_FAMILY = "1,2";
				TEST_HOST = "$(BUILT_PRODUCTS_DIR)/MovieStreamingUI.app/MovieStreamingUI";
			};
			name = Release;
		};
		64D7364027FE5BC000A15D27 /* Debug */ = {
			isa = XCBuildConfiguration;
			buildSettings = {
				ALWAYS_EMBED_SWIFT_STANDARD_LIBRARIES = YES;
				CODE_SIGN_STYLE = Automatic;
				CURRENT_PROJECT_VERSION = 1;
				DEVELOPMENT_TEAM = 2XUFV8QBCV;
				GENERATE_INFOPLIST_FILE = YES;
				MARKETING_VERSION = 1.0;
				PRODUCT_BUNDLE_IDENTIFIER = getnerdify.MovieStreamingUIUITests;
				PRODUCT_NAME = "$(TARGET_NAME)";
				SWIFT_EMIT_LOC_STRINGS = NO;
				SWIFT_VERSION = 5.0;
				TARGETED_DEVICE_FAMILY = "1,2";
				TEST_TARGET_NAME = MovieStreamingUI;
			};
			name = Debug;
		};
		64D7364127FE5BC000A15D27 /* Release */ = {
			isa = XCBuildConfiguration;
			buildSettings = {
				ALWAYS_EMBED_SWIFT_STANDARD_LIBRARIES = YES;
				CODE_SIGN_STYLE = Automatic;
				CURRENT_PROJECT_VERSION = 1;
				DEVELOPMENT_TEAM = 2XUFV8QBCV;
				GENERATE_INFOPLIST_FILE = YES;
				MARKETING_VERSION = 1.0;
				PRODUCT_BUNDLE_IDENTIFIER = getnerdify.MovieStreamingUIUITests;
				PRODUCT_NAME = "$(TARGET_NAME)";
				SWIFT_EMIT_LOC_STRINGS = NO;
				SWIFT_VERSION = 5.0;
				TARGETED_DEVICE_FAMILY = "1,2";
				TEST_TARGET_NAME = MovieStreamingUI;
			};
			name = Release;
		};
/* End XCBuildConfiguration section */

/* Begin XCConfigurationList section */
		64D7361027FE5BBF00A15D27 /* Build configuration list for PBXProject "MovieStreamingUI" */ = {
			isa = XCConfigurationList;
			buildConfigurations = (
				64D7363727FE5BC000A15D27 /* Debug */,
				64D7363827FE5BC000A15D27 /* Release */,
			);
			defaultConfigurationIsVisible = 0;
			defaultConfigurationName = Release;
		};
		64D7363927FE5BC000A15D27 /* Build configuration list for PBXNativeTarget "MovieStreamingUI" */ = {
			isa = XCConfigurationList;
			buildConfigurations = (
				64D7363A27FE5BC000A15D27 /* Debug */,
				64D7363B27FE5BC000A15D27 /* Release */,
			);
			defaultConfigurationIsVisible = 0;
			defaultConfigurationName = Release;
		};
		64D7363C27FE5BC000A15D27 /* Build configuration list for PBXNativeTarget "MovieStreamingUITests" */ = {
			isa = XCConfigurationList;
			buildConfigurations = (
				64D7363D27FE5BC000A15D27 /* Debug */,
				64D7363E27FE5BC000A15D27 /* Release */,
			);
			defaultConfigurationIsVisible = 0;
			defaultConfigurationName = Release;
		};
		64D7363F27FE5BC000A15D27 /* Build configuration list for PBXNativeTarget "MovieStreamingUIUITests" */ = {
			isa = XCConfigurationList;
			buildConfigurations = (
				64D7364027FE5BC000A15D27 /* Debug */,
				64D7364127FE5BC000A15D27 /* Release */,
			);
			defaultConfigurationIsVisible = 0;
			defaultConfigurationName = Release;
		};
/* End XCConfigurationList section */
	};
	rootObject = 64D7360D27FE5BBF00A15D27 /* Project object */;
}
